Microsoft Visual Studio Solution File, Format Version 12.00
# Visual Studio Version 16
VisualStudioVersion = 16.0.28803.452
MinimumVisualStudioVersion = 15.0.26124.0
Project("{9A19103F-16F7-4668-BE54-9A1E7A4F7556}") = "AQUASharpCore", "AQUASharpCore\AQUASharpCore.csproj", "{87A81891-1F06-44EC-9F82-165C07AF8A54}"
EndProject
Project("{9A19103F-16F7-4668-BE54-9A1E7A4F7556}") = "AQUASharpConsole", "AQUASharpConsole\AQUASharpConsole.csproj", "{7E9979D8-B9C7-40E7-9EE2-6BE60C3E60FB}"
EndProject
Global
	GlobalSection(SolutionConfigurationPlatforms) = preSolution
		Debug|Any CPU = Debug|Any CPU
		Debug|x64 = Debug|x64
		Debug|x86 = Debug|x86
		Release|Any CPU = Release|Any CPU
		Release|x64 = Release|x64
		Release|x86 = Release|x86
	EndGlobalSection
	GlobalSection(ProjectConfigurationPlatforms) = postSolution
		{87A81891-1F06-44EC-9F82-165C07AF8A54}.Debug|Any CPU.ActiveCfg = Debug|Any CPU
		{87A81891-1F06-44EC-9F82-165C07AF8A54}.Debug|Any CPU.Build.0 = Debug|Any CPU
		{87A81891-1F06-44EC-9F82-165C07AF8A54}.Debug|x64.ActiveCfg = Debug|Any CPU
		{87A81891-1F06-44EC-9F82-165C07AF8A54}.Debug|x64.Build.0 = Debug|Any CPU
		{87A81891-1F06-44EC-9F82-165C07AF8A54}.Debug|x86.ActiveCfg = Debug|Any CPU
		{87A81891-1F06-44EC-9F82-165C07AF8A54}.Debug|x86.Build.0 = Debug|Any CPU
		{87A81891-1F06-44EC-9F82-165C07AF8A54}.Release|Any CPU.ActiveCfg = Release|Any CPU
		{87A81891-1F06-44EC-9F82-165C07AF8A54}.Release|Any CPU.Build.0 = Release|Any CPU
		{87A81891-1F06-44EC-9F82-165C07AF8A54}.Release|x64.ActiveCfg = Release|Any CPU
		{87A81891-1F06-44EC-9F82-165C07AF8A54}.Release|x64.Build.0 = Release|Any CPU
		{87A81891-1F06-44EC-9F82-165C07AF8A54}.Release|x86.ActiveCfg = Release|Any CPU
		{87A81891-1F06-44EC-9F82-165C07AF8A54}.Release|x86.Build.0 = Release|Any CPU
		{7E9979D8-B9C7-40E7-9EE2-6BE60C3E60FB}.Debug|Any CPU.ActiveCfg = Debug|Any CPU
		{7E9979D8-B9C7-40E7-9EE2-6BE60C3E60FB}.Debug|Any CPU.Build.0 = Debug|Any CPU
		{7E9979D8-B9C7-40E7-9EE2-6BE60C3E60FB}.Debug|x64.ActiveCfg = Debug|Any CPU
		{7E9979D8-B9C7-40E7-9EE2-6BE60C3E60FB}.Debug|x64.Build.0 = Debug|Any CPU
		{7E9979D8-B9C7-40E7-9EE2-6BE60C3E60FB}.Debug|x86.ActiveCfg = Debug|Any CPU
		{7E9979D8-B9C7-40E7-9EE2-6BE60C3E60FB}.Debug|x86.Build.0 = Debug|Any CPU
		{7E9979D8-B9C7-40E7-9EE2-6BE60C3E60FB}.Release|Any CPU.ActiveCfg = Release|Any CPU
		{7E9979D8-B9C7-40E7-9EE2-6BE60C3E60FB}.Release|Any CPU.Build.0 = Release|Any CPU
		{7E9979D8-B9C7-40E7-9EE2-6BE60C3E60FB}.Release|x64.ActiveCfg = Release|Any CPU
		{7E9979D8-B9C7-40E7-9EE2-6BE60C3E60FB}.Release|x64.Build.0 = Release|Any CPU
		{7E9979D8-B9C7-40E7-9EE2-6BE60C3E60FB}.Release|x86.ActiveCfg = Release|Any CPU
		{7E9979D8-B9C7-40E7-9EE2-6BE60C3E60FB}.Release|x86.Build.0 = Release|Any CPU
	EndGlobalSection
	GlobalSection(SolutionProperties) = preSolution
		HideSolutionNode = FALSE
	EndGlobalSection
	GlobalSection(ExtensibilityGlobals) = postSolution
		SolutionGuid = {AA582280-6C22-4024-8130-6986DA18E7DB}
	EndGlobalSection
EndGlobal
